// !$*UTF8*$!
{
	archiveVersion = 1;
	classes = {
	};
	objectVersion = 46;
	objects = {

/* Begin PBXBuildFile section */
		98EA5FA31DDD7AD600642A41 /* AppDelegate.swift in Sources */ = {isa = PBXBuildFile; fileRef = 98EA5FA21DDD7AD600642A41 /* AppDelegate.swift */; };
		98EA5FA51DDD7AD600642A41 /* SignInVC.swift in Sources */ = {isa = PBXBuildFile; fileRef = 98EA5FA41DDD7AD600642A41 /* SignInVC.swift */; };
		98EA5FA81DDD7AD600642A41 /* Main1.storyboard in Resources */ = {isa = PBXBuildFile; fileRef = 98EA5FA61DDD7AD600642A41 /* Main1.storyboard */; };
		98EA5FAA1DDD7AD600642A41 /* Assets.xcassets in Resources */ = {isa = PBXBuildFile; fileRef = 98EA5FA91DDD7AD600642A41 /* Assets.xcassets */; };
		98EA5FAD1DDD7AD600642A41 /* LaunchScreen.storyboard in Resources */ = {isa = PBXBuildFile; fileRef = 98EA5FAB1DDD7AD600642A41 /* LaunchScreen.storyboard */; };
		98EA5FBA1DDD876900642A41 /* DataService.swift in Sources */ = {isa = PBXBuildFile; fileRef = 98EA5FB91DDD876900642A41 /* DataService.swift */; };
		98EA5FBC1DDD879000642A41 /* Constants.swift in Sources */ = {isa = PBXBuildFile; fileRef = 98EA5FBB1DDD879000642A41 /* Constants.swift */; };
		98EA5FBE1DDD881A00642A41 /* FeedVC.swift in Sources */ = {isa = PBXBuildFile; fileRef = 98EA5FBD1DDD881A00642A41 /* FeedVC.swift */; };
		98EA5FC01DDD884C00642A41 /* Post.swift in Sources */ = {isa = PBXBuildFile; fileRef = 98EA5FBF1DDD884C00642A41 /* Post.swift */; };
		98EA5FC21DDD888400642A41 /* FancyView.swift in Sources */ = {isa = PBXBuildFile; fileRef = 98EA5FC11DDD888400642A41 /* FancyView.swift */; };
		98EA5FC41DDD889E00642A41 /* RoundBtn.swift in Sources */ = {isa = PBXBuildFile; fileRef = 98EA5FC31DDD889E00642A41 /* RoundBtn.swift */; };
		98EA5FC61DDD88BB00642A41 /* FancyField.swift in Sources */ = {isa = PBXBuildFile; fileRef = 98EA5FC51DDD88BB00642A41 /* FancyField.swift */; };
		98EA5FC81DDD88D200642A41 /* FancyBtn.swift in Sources */ = {isa = PBXBuildFile; fileRef = 98EA5FC71DDD88D200642A41 /* FancyBtn.swift */; };
		98EA5FCA1DDD88F000642A41 /* CircleView.swift in Sources */ = {isa = PBXBuildFile; fileRef = 98EA5FC91DDD88F000642A41 /* CircleView.swift */; };
		98EA5FCC1DDD890800642A41 /* PostCell.swift in Sources */ = {isa = PBXBuildFile; fileRef = 98EA5FCB1DDD890800642A41 /* PostCell.swift */; };
		98EA5FCF1DDD8A9800642A41 /* Main.storyboard in Resources */ = {isa = PBXBuildFile; fileRef = 98EA5FCD1DDD8A9800642A41 /* Main.storyboard */; };
		98EA5FD11DDD8C6500642A41 /* GoogleService-Info.plist in Resources */ = {isa = PBXBuildFile; fileRef = 98EA5FD01DDD8C6500642A41 /* GoogleService-Info.plist */; };
		98EA5FD41DDF584700642A41 /* Users.swift in Sources */ = {isa = PBXBuildFile; fileRef = 98EA5FD31DDF584700642A41 /* Users.swift */; };
		C3B2325F1EFEB96F03484335 /* Pods_social_media.framework in Frameworks */ = {isa = PBXBuildFile; fileRef = 09C0FFAC84BD77B4A74DD362 /* Pods_social_media.framework */; };
/* End PBXBuildFile section */

/* Begin PBXFileReference section */
		09C0FFAC84BD77B4A74DD362 /* Pods_social_media.framework */ = {isa = PBXFileReference; explicitFileType = wrapper.framework; includeInIndex = 0; path = Pods_social_media.framework; sourceTree = BUILT_PRODUCTS_DIR; };
		4E5EC8C055E89795F43DE799 /* Pods-social-media.debug.xcconfig */ = {isa = PBXFileReference; includeInIndex = 1; lastKnownFileType = text.xcconfig; name = "Pods-social-media.debug.xcconfig"; path = "Pods/Target Support Files/Pods-social-media/Pods-social-media.debug.xcconfig"; sourceTree = "<group>"; };
		98EA5F9F1DDD7AD600642A41 /* social-media.app */ = {isa = PBXFileReference; explicitFileType = wrapper.application; includeInIndex = 0; path = "social-media.app"; sourceTree = BUILT_PRODUCTS_DIR; };
		98EA5FA21DDD7AD600642A41 /* AppDelegate.swift */ = {isa = PBXFileReference; lastKnownFileType = sourcecode.swift; path = AppDelegate.swift; sourceTree = "<group>"; };
		98EA5FA41DDD7AD600642A41 /* SignInVC.swift */ = {isa = PBXFileReference; lastKnownFileType = sourcecode.swift; lineEnding = 0; path = SignInVC.swift; sourceTree = "<group>"; xcLanguageSpecificationIdentifier = xcode.lang.swift; };
		98EA5FA71DDD7AD600642A41 /* Base */ = {isa = PBXFileReference; lastKnownFileType = file.storyboard; name = Base; path = Base.lproj/Main1.storyboard; sourceTree = "<group>"; };
		98EA5FA91DDD7AD600642A41 /* Assets.xcassets */ = {isa = PBXFileReference; lastKnownFileType = folder.assetcatalog; path = Assets.xcassets; sourceTree = "<group>"; };
		98EA5FAC1DDD7AD600642A41 /* Base */ = {isa = PBXFileReference; lastKnownFileType = file.storyboard; name = Base; path = Base.lproj/LaunchScreen.storyboard; sourceTree = "<group>"; };
		98EA5FAE1DDD7AD600642A41 /* Info.plist */ = {isa = PBXFileReference; lastKnownFileType = text.plist.xml; path = Info.plist; sourceTree = "<group>"; };
		98EA5FB91DDD876900642A41 /* DataService.swift */ = {isa = PBXFileReference; fileEncoding = 4; lastKnownFileType = sourcecode.swift; path = DataService.swift; sourceTree = "<group>"; };
		98EA5FBB1DDD879000642A41 /* Constants.swift */ = {isa = PBXFileReference; fileEncoding = 4; lastKnownFileType = sourcecode.swift; path = Constants.swift; sourceTree = "<group>"; };
		98EA5FBD1DDD881A00642A41 /* FeedVC.swift */ = {isa = PBXFileReference; fileEncoding = 4; lastKnownFileType = sourcecode.swift; lineEnding = 0; path = FeedVC.swift; sourceTree = "<group>"; xcLanguageSpecificationIdentifier = xcode.lang.swift; };
		98EA5FBF1DDD884C00642A41 /* Post.swift */ = {isa = PBXFileReference; fileEncoding = 4; lastKnownFileType = sourcecode.swift; path = Post.swift; sourceTree = "<group>"; };
		98EA5FC11DDD888400642A41 /* FancyView.swift */ = {isa = PBXFileReference; fileEncoding = 4; lastKnownFileType = sourcecode.swift; path = FancyView.swift; sourceTree = "<group>"; };
		98EA5FC31DDD889E00642A41 /* RoundBtn.swift */ = {isa = PBXFileReference; fileEncoding = 4; lastKnownFileType = sourcecode.swift; path = RoundBtn.swift; sourceTree = "<group>"; };
		98EA5FC51DDD88BB00642A41 /* FancyField.swift */ = {isa = PBXFileReference; fileEncoding = 4; lastKnownFileType = sourcecode.swift; path = FancyField.swift; sourceTree = "<group>"; };
		98EA5FC71DDD88D200642A41 /* FancyBtn.swift */ = {isa = PBXFileReference; fileEncoding = 4; lastKnownFileType = sourcecode.swift; path = FancyBtn.swift; sourceTree = "<group>"; };
		98EA5FC91DDD88F000642A41 /* CircleView.swift */ = {isa = PBXFileReference; fileEncoding = 4; lastKnownFileType = sourcecode.swift; path = CircleView.swift; sourceTree = "<group>"; };
		98EA5FCB1DDD890800642A41 /* PostCell.swift */ = {isa = PBXFileReference; fileEncoding = 4; lastKnownFileType = sourcecode.swift; lineEnding = 0; path = PostCell.swift; sourceTree = "<group>"; xcLanguageSpecificationIdentifier = xcode.lang.swift; };
		98EA5FCE1DDD8A9800642A41 /* Base */ = {isa = PBXFileReference; lastKnownFileType = file.storyboard; name = Base; path = Base.lproj/Main.storyboard; sourceTree = "<group>"; };
		98EA5FD01DDD8C6500642A41 /* GoogleService-Info.plist */ = {isa = PBXFileReference; fileEncoding = 4; lastKnownFileType = text.plist.xml; path = "GoogleService-Info.plist"; sourceTree = "<group>"; };
		98EA5FD21DDE6BBE00642A41 /* social-media.entitlements */ = {isa = PBXFileReference; lastKnownFileType = text.plist.entitlements; path = "social-media.entitlements"; sourceTree = "<group>"; };
		98EA5FD31DDF584700642A41 /* Users.swift */ = {isa = PBXFileReference; fileEncoding = 4; lastKnownFileType = sourcecode.swift; path = Users.swift; sourceTree = "<group>"; };
		F3916620AB9096325C41A7E2 /* Pods-social-media.release.xcconfig */ = {isa = PBXFileReference; includeInIndex = 1; lastKnownFileType = text.xcconfig; name = "Pods-social-media.release.xcconfig"; path = "Pods/Target Support Files/Pods-social-media/Pods-social-media.release.xcconfig"; sourceTree = "<group>"; };
/* End PBXFileReference section */

/* Begin PBXFrameworksBuildPhase section */
		98EA5F9C1DDD7AD600642A41 /* Frameworks */ = {
			isa = PBXFrameworksBuildPhase;
			buildActionMask = 2147483647;
			files = (
				C3B2325F1EFEB96F03484335 /* Pods_social_media.framework in Frameworks */,
			);
			runOnlyForDeploymentPostprocessing = 0;
		};
/* End PBXFrameworksBuildPhase section */

/* Begin PBXGroup section */
		3C03A06E005A200C0D367D3C /* Frameworks */ = {
			isa = PBXGroup;
			children = (
				09C0FFAC84BD77B4A74DD362 /* Pods_social_media.framework */,
			);
			name = Frameworks;
			sourceTree = "<group>";
		};
		576EE27DAFE469527C696604 /* Pods */ = {
			isa = PBXGroup;
			children = (
				4E5EC8C055E89795F43DE799 /* Pods-social-media.debug.xcconfig */,
				F3916620AB9096325C41A7E2 /* Pods-social-media.release.xcconfig */,
			);
			name = Pods;
			sourceTree = "<group>";
		};
		98EA5F961DDD7AD500642A41 = {
			isa = PBXGroup;
			children = (
				98EA5FA11DDD7AD600642A41 /* social-media */,
				98EA5FA01DDD7AD600642A41 /* Products */,
				576EE27DAFE469527C696604 /* Pods */,
				3C03A06E005A200C0D367D3C /* Frameworks */,
			);
			sourceTree = "<group>";
		};
		98EA5FA01DDD7AD600642A41 /* Products */ = {
			isa = PBXGroup;
			children = (
				98EA5F9F1DDD7AD600642A41 /* social-media.app */,
			);
			name = Products;
			sourceTree = "<group>";
		};
		98EA5FA11DDD7AD600642A41 /* social-media */ = {
			isa = PBXGroup;
			children = (
				98EA5FD21DDE6BBE00642A41 /* social-media.entitlements */,
				98EA5FB81DDD84C900642A41 /* Services */,
				98EA5FB71DDD84BD00642A41 /* Util */,
				98EA5FB61DDD84B700642A41 /* Controller */,
				98EA5FB51DDD84B100642A41 /* View */,
				98EA5FB41DDD84A700642A41 /* Model */,
				98EA5FA21DDD7AD600642A41 /* AppDelegate.swift */,
				98EA5FCD1DDD8A9800642A41 /* Main.storyboard */,
				98EA5FA61DDD7AD600642A41 /* Main1.storyboard */,
				98EA5FA91DDD7AD600642A41 /* Assets.xcassets */,
				98EA5FAB1DDD7AD600642A41 /* LaunchScreen.storyboard */,
				98EA5FD01DDD8C6500642A41 /* GoogleService-Info.plist */,
				98EA5FAE1DDD7AD600642A41 /* Info.plist */,
			);
			path = "social-media";
			sourceTree = "<group>";
		};
		98EA5FB41DDD84A700642A41 /* Model */ = {
			isa = PBXGroup;
			children = (
				98EA5FBF1DDD884C00642A41 /* Post.swift */,
				98EA5FD31DDF584700642A41 /* Users.swift */,
			);
			name = Model;
			sourceTree = "<group>";
		};
		98EA5FB51DDD84B100642A41 /* View */ = {
			isa = PBXGroup;
			children = (
				98EA5FC11DDD888400642A41 /* FancyView.swift */,
				98EA5FC31DDD889E00642A41 /* RoundBtn.swift */,
				98EA5FC51DDD88BB00642A41 /* FancyField.swift */,
				98EA5FC71DDD88D200642A41 /* FancyBtn.swift */,
				98EA5FC91DDD88F000642A41 /* CircleView.swift */,
				98EA5FCB1DDD890800642A41 /* PostCell.swift */,
			);
			name = View;
			sourceTree = "<group>";
		};
		98EA5FB61DDD84B700642A41 /* Controller */ = {
			isa = PBXGroup;
			children = (
				98EA5FA41DDD7AD600642A41 /* SignInVC.swift */,
				98EA5FBD1DDD881A00642A41 /* FeedVC.swift */,
			);
			name = Controller;
			sourceTree = "<group>";
		};
		98EA5FB71DDD84BD00642A41 /* Util */ = {
			isa = PBXGroup;
			children = (
				98EA5FBB1DDD879000642A41 /* Constants.swift */,
			);
			name = Util;
			sourceTree = "<group>";
		};
		98EA5FB81DDD84C900642A41 /* Services */ = {
			isa = PBXGroup;
			children = (
				98EA5FB91DDD876900642A41 /* DataService.swift */,
			);
			name = Services;
			sourceTree = "<group>";
		};
/* End PBXGroup section */

/* Begin PBXNativeTarget section */
		98EA5F9E1DDD7AD600642A41 /* social-media */ = {
			isa = PBXNativeTarget;
			buildConfigurationList = 98EA5FB11DDD7AD600642A41 /* Build configuration list for PBXNativeTarget "social-media" */;
			buildPhases = (
				0EE34A6990E1086DDDE3C487 /* [CP] Check Pods Manifest.lock */,
				98EA5F9B1DDD7AD600642A41 /* Sources */,
				98EA5F9C1DDD7AD600642A41 /* Frameworks */,
				98EA5F9D1DDD7AD600642A41 /* Resources */,
				5AF16E53EC9638B8D311AEF4 /* [CP] Embed Pods Frameworks */,
				EC89799B57F92EA762D6FAF9 /* [CP] Copy Pods Resources */,
			);
			buildRules = (
			);
			dependencies = (
			);
			name = "social-media";
			productName = "social-media";
			productReference = 98EA5F9F1DDD7AD600642A41 /* social-media.app */;
			productType = "com.apple.product-type.application";
		};
/* End PBXNativeTarget section */

/* Begin PBXProject section */
		98EA5F971DDD7AD500642A41 /* Project object */ = {
			isa = PBXProject;
			attributes = {
				LastSwiftUpdateCheck = 0800;
				LastUpgradeCheck = 0800;
				ORGANIZATIONNAME = "Guhapriya Balasubramanian";
				TargetAttributes = {
					98EA5F9E1DDD7AD600642A41 = {
						CreatedOnToolsVersion = 8.0;
						DevelopmentTeam = HXEZFVHGMN;
						ProvisioningStyle = Automatic;
						SystemCapabilities = {
							com.apple.Keychain = {
								enabled = 1;
							};
						};
					};
				};
			};
			buildConfigurationList = 98EA5F9A1DDD7AD500642A41 /* Build configuration list for PBXProject "social-media" */;
			compatibilityVersion = "Xcode 3.2";
			developmentRegion = English;
			hasScannedForEncodings = 0;
			knownRegions = (
				en,
				Base,
			);
			mainGroup = 98EA5F961DDD7AD500642A41;
			productRefGroup = 98EA5FA01DDD7AD600642A41 /* Products */;
			projectDirPath = "";
			projectRoot = "";
			targets = (
				98EA5F9E1DDD7AD600642A41 /* social-media */,
			);
		};
/* End PBXProject section */

/* Begin PBXResourcesBuildPhase section */
		98EA5F9D1DDD7AD600642A41 /* Resources */ = {
			isa = PBXResourcesBuildPhase;
			buildActionMask = 2147483647;
			files = (
				98EA5FD11DDD8C6500642A41 /* GoogleService-Info.plist in Resources */,
				98EA5FAD1DDD7AD600642A41 /* LaunchScreen.storyboard in Resources */,
				98EA5FAA1DDD7AD600642A41 /* Assets.xcassets in Resources */,
				98EA5FA81DDD7AD600642A41 /* Main1.storyboard in Resources */,
				98EA5FCF1DDD8A9800642A41 /* Main.storyboard in Resources */,
			);
			runOnlyForDeploymentPostprocessing = 0;
		};
/* End PBXResourcesBuildPhase section */

/* Begin PBXShellScriptBuildPhase section */
		0EE34A6990E1086DDDE3C487 /* [CP] Check Pods Manifest.lock */ = {
			isa = PBXShellScriptBuildPhase;
			buildActionMask = 2147483647;
			files = (
			);
			inputPaths = (
			);
			name = "[CP] Check Pods Manifest.lock";
			outputPaths = (
			);
			runOnlyForDeploymentPostprocessing = 0;
			shellPath = /bin/sh;
			shellScript = "diff \"${PODS_ROOT}/../Podfile.lock\" \"${PODS_ROOT}/Manifest.lock\" > /dev/null\nif [ $? != 0 ] ; then\n    # print error to STDERR\n    echo \"error: The sandbox is not in sync with the Podfile.lock. Run 'pod install' or update your CocoaPods installation.\" >&2\n    exit 1\nfi\n";
			showEnvVarsInLog = 0;
		};
		5AF16E53EC9638B8D311AEF4 /* [CP] Embed Pods Frameworks */ = {
			isa = PBXShellScriptBuildPhase;
			buildActionMask = 2147483647;
			files = (
			);
			inputPaths = (
			);
			name = "[CP] Embed Pods Frameworks";
			outputPaths = (
			);
			runOnlyForDeploymentPostprocessing = 0;
			shellPath = /bin/sh;
			shellScript = "\"${SRCROOT}/Pods/Target Support Files/Pods-social-media/Pods-social-media-frameworks.sh\"\n";
			showEnvVarsInLog = 0;
		};
		EC89799B57F92EA762D6FAF9 /* [CP] Copy Pods Resources */ = {
			isa = PBXShellScriptBuildPhase;
			buildActionMask = 2147483647;
			files = (
			);
			inputPaths = (
			);
			name = "[CP] Copy Pods Resources";
			outputPaths = (
			);
			runOnlyForDeploymentPostprocessing = 0;
			shellPath = /bin/sh;
			shellScript = "\"${SRCROOT}/Pods/Target Support Files/Pods-social-media/Pods-social-media-resources.sh\"\n";
			showEnvVarsInLog = 0;
		};
/* End PBXShellScriptBuildPhase section */

/* Begin PBXSourcesBuildPhase section */
		98EA5F9B1DDD7AD600642A41 /* Sources */ = {
			isa = PBXSourcesBuildPhase;
			buildActionMask = 2147483647;
			files = (
				98EA5FC81DDD88D200642A41 /* FancyBtn.swift in Sources */,
				98EA5FC61DDD88BB00642A41 /* FancyField.swift in Sources */,
				98EA5FBA1DDD876900642A41 /* DataService.swift in Sources */,
				98EA5FA51DDD7AD600642A41 /* SignInVC.swift in Sources */,
				98EA5FBE1DDD881A00642A41 /* FeedVC.swift in Sources */,
				98EA5FC01DDD884C00642A41 /* Post.swift in Sources */,
				98EA5FCA1DDD88F000642A41 /* CircleView.swift in Sources */,
				98EA5FA31DDD7AD600642A41 /* AppDelegate.swift in Sources */,
				98EA5FC41DDD889E00642A41 /* RoundBtn.swift in Sources */,
				98EA5FD41DDF584700642A41 /* Users.swift in Sources */,
				98EA5FC21DDD888400642A41 /* FancyView.swift in Sources */,
				98EA5FBC1DDD879000642A41 /* Constants.swift in Sources */,
				98EA5FCC1DDD890800642A41 /* PostCell.swift in Sources */,
			);
			runOnlyForDeploymentPostprocessing = 0;
		};
/* End PBXSourcesBuildPhase section */

/* Begin PBXVariantGroup section */
		98EA5FA61DDD7AD600642A41 /* Main1.storyboard */ = {
			isa = PBXVariantGroup;
			children = (
				98EA5FA71DDD7AD600642A41 /* Base */,
			);
			name = Main1.storyboard;
			sourceTree = "<group>";
		};
		98EA5FAB1DDD7AD600642A41 /* LaunchScreen.storyboard */ = {
			isa = PBXVariantGroup;
			children = (
				98EA5FAC1DDD7AD600642A41 /* Base */,
			);
			name = LaunchScreen.storyboard;
			sourceTree = "<group>";
		};
		98EA5FCD1DDD8A9800642A41 /* Main.storyboard */ = {
			isa = PBXVariantGroup;
			children = (
				98EA5FCE1DDD8A9800642A41 /* Base */,
			);
			name = Main.storyboard;
			sourceTree = "<group>";
		};
/* End PBXVariantGroup section */

/* Begin XCBuildConfiguration section */
		98EA5FAF1DDD7AD600642A41 /* Debug */ = {
			isa = XCBuildConfiguration;
			buildSettings = {
				ALWAYS_SEARCH_USER_PATHS = NO;
				CLANG_ANALYZER_NONNULL = YES;
				CLANG_CXX_LANGUAGE_STANDARD = "gnu++0x";
				CLANG_CXX_LIBRARY = "libc++";
				CLANG_ENABLE_MODULES = YES;
				CLANG_ENABLE_OBJC_ARC = YES;
				CLANG_WARN_BOOL_CONVERSION = YES;
				CLANG_WARN_CONSTANT_CONVERSION = YES;
				CLANG_WARN_DIRECT_OBJC_ISA_USAGE = YES_ERROR;
				CLANG_WARN_DOCUMENTATION_COMMENTS = YES;
				CLANG_WARN_EMPTY_BODY = YES;
				CLANG_WARN_ENUM_CONVERSION = YES;
				CLANG_WARN_INFINITE_RECURSION = YES;
				CLANG_WARN_INT_CONVERSION = YES;
				CLANG_WARN_OBJC_ROOT_CLASS = YES_ERROR;
				CLANG_WARN_SUSPICIOUS_MOVES = YES;
				CLANG_WARN_UNREACHABLE_CODE = YES;
				CLANG_WARN__DUPLICATE_METHOD_MATCH = YES;
				"CODE_SIGN_IDENTITY[sdk=iphoneos*]" = "iPhone Developer";
				COPY_PHASE_STRIP = NO;
				DEBUG_INFORMATION_FORMAT = dwarf;
				ENABLE_STRICT_OBJC_MSGSEND = YES;
				ENABLE_TESTABILITY = YES;
				GCC_C_LANGUAGE_STANDARD = gnu99;
				GCC_DYNAMIC_NO_PIC = NO;
				GCC_NO_COMMON_BLOCKS = YES;
				GCC_OPTIMIZATION_LEVEL = 0;
				GCC_PREPROCESSOR_DEFINITIONS = (
					"DEBUG=1",
					"$(inherited)",
				);
				GCC_WARN_64_TO_32_BIT_CONVERSION = YES;
				GCC_WARN_ABOUT_RETURN_TYPE = YES_ERROR;
				GCC_WARN_UNDECLARED_SELECTOR = YES;
				GCC_WARN_UNINITIALIZED_AUTOS = YES_AGGRESSIVE;
				GCC_WARN_UNUSED_FUNCTION = YES;
				GCC_WARN_UNUSED_VARIABLE = YES;
				IPHONEOS_DEPLOYMENT_TARGET = 10.0;
				MTL_ENABLE_DEBUG_INFO = YES;
				ONLY_ACTIVE_ARCH = YES;
				SDKROOT = iphoneos;
				SWIFT_ACTIVE_COMPILATION_CONDITIONS = DEBUG;
				SWIFT_OPTIMIZATION_LEVEL = "-Onone";
			};
			name = Debug;
		};
		98EA5FB01DDD7AD600642A41 /* Release */ = {
			isa = XCBuildConfiguration;
			buildSettings = {
				ALWAYS_SEARCH_USER_PATHS = NO;
				CLANG_ANALYZER_NONNULL = YES;
				CLANG_CXX_LANGUAGE_STANDARD = "gnu++0x";
				CLANG_CXX_LIBRARY = "libc++";
				CLANG_ENABLE_MODULES = YES;
				CLANG_ENABLE_OBJC_ARC = YES;
				CLANG_WARN_BOOL_CONVERSION = YES;
				CLANG_WARN_CONSTANT_CONVERSION = YES;
				CLANG_WARN_DIRECT_OBJC_ISA_USAGE = YES_ERROR;
				CLANG_WARN_DOCUMENTATION_COMMENTS = YES;
				CLANG_WARN_EMPTY_BODY = YES;
				CLANG_WARN_ENUM_CONVERSION = YES;
				CLANG_WARN_INFINITE_RECURSION = YES;
				CLANG_WARN_INT_CONVERSION = YES;
				CLANG_WARN_OBJC_ROOT_CLASS = YES_ERROR;
				CLANG_WARN_SUSPICIOUS_MOVES = YES;
				CLANG_WARN_UNREACHABLE_CODE = YES;
				CLANG_WARN__DUPLICATE_METHOD_MATCH = YES;
				"CODE_SIGN_IDENTITY[sdk=iphoneos*]" = "iPhone Developer";
				COPY_PHASE_STRIP = NO;
				DEBUG_INFORMATION_FORMAT = "dwarf-with-dsym";
				ENABLE_NS_ASSERTIONS = NO;
				ENABLE_STRICT_OBJC_MSGSEND = YES;
				GCC_C_LANGUAGE_STANDARD = gnu99;
				GCC_NO_COMMON_BLOCKS = YES;
				GCC_WARN_64_TO_32_BIT_CONVERSION = YES;
				GCC_WARN_ABOUT_RETURN_TYPE = YES_ERROR;
				GCC_WARN_UNDECLARED_SELECTOR = YES;
				GCC_WARN_UNINITIALIZED_AUTOS = YES_AGGRESSIVE;
				GCC_WARN_UNUSED_FUNCTION = YES;
				GCC_WARN_UNUSED_VARIABLE = YES;
				IPHONEOS_DEPLOYMENT_TARGET = 10.0;
				MTL_ENABLE_DEBUG_INFO = NO;
				SDKROOT = iphoneos;
				SWIFT_OPTIMIZATION_LEVEL = "-Owholemodule";
				VALIDATE_PRODUCT = YES;
			};
			name = Release;
		};
		98EA5FB21DDD7AD600642A41 /* Debug */ = {
			isa = XCBuildConfiguration;
			baseConfigurationReference = 4E5EC8C055E89795F43DE799 /* Pods-social-media.debug.xcconfig */;
			buildSettings = {
				ASSETCATALOG_COMPILER_APPICON_NAME = AppIcon;
				CODE_SIGN_ENTITLEMENTS = "social-media/social-media.entitlements";
				DEVELOPMENT_TEAM = HXEZFVHGMN;
				INFOPLIST_FILE = "social-media/Info.plist";
				LD_RUNPATH_SEARCH_PATHS = "$(inherited) @executable_path/Frameworks";
				PRODUCT_BUNDLE_IDENTIFIER = "com.noname.social-media";
				PRODUCT_NAME = "$(TARGET_NAME)";
				SWIFT_VERSION = 3.0;
			};
			name = Debug;
		};
		98EA5FB31DDD7AD600642A41 /* Release */ = {
			isa = XCBuildConfiguration;
			baseConfigurationReference = F3916620AB9096325C41A7E2 /* Pods-social-media.release.xcconfig */;
			buildSettings = {
				ASSETCATALOG_COMPILER_APPICON_NAME = AppIcon;
				CODE_SIGN_ENTITLEMENTS = "social-media/social-media.entitlements";
				DEVELOPMENT_TEAM = HXEZFVHGMN;
				INFOPLIST_FILE = "social-media/Info.plist";
				LD_RUNPATH_SEARCH_PATHS = "$(inherited) @executable_path/Frameworks";
				PRODUCT_BUNDLE_IDENTIFIER = "com.noname.social-media";
				PRODUCT_NAME = "$(TARGET_NAME)";
				SWIFT_VERSION = 3.0;
			};
			name = Release;
		};
/* End XCBuildConfiguration section */

/* Begin XCConfigurationList section */
		98EA5F9A1DDD7AD500642A41 /* Build configuration list for PBXProject "social-media" */ = {
			isa = XCConfigurationList;
			buildConfigurations = (
				98EA5FAF1DDD7AD600642A41 /* Debug */,
				98EA5FB01DDD7AD600642A41 /* Release */,
			);
			defaultConfigurationIsVisible = 0;
			defaultConfigurationName = Release;
		};
		98EA5FB11DDD7AD600642A41 /* Build configuration list for PBXNativeTarget "social-media" */ = {
			isa = XCConfigurationList;
			buildConfigurations = (
				98EA5FB21DDD7AD600642A41 /* Debug */,
				98EA5FB31DDD7AD600642A41 /* Release */,
			);
			defaultConfigurationIsVisible = 0;
			defaultConfigurationName = Release;
		};
/* End XCConfigurationList section */
	};
	rootObject = 98EA5F971DDD7AD500642A41 /* Project object */;
}
